
Microsoft Visual Studio Solution File, Format Version 12.00
# Visual Studio Version 17
VisualStudioVersion = 17.4.33103.184
MinimumVisualStudioVersion = 10.0.40219.1
Project("{FAE04EC0-301F-11D3-BF4B-00C04F79EFBC}") = "Ejemplo_FP_Switch1_HectorM", "Ejemplo_FP_Switch1_HectorM\Ejemplo_FP_Switch1_HectorM.csproj", "{32687C02-64D7-409E-844E-66450DC94D87}"
EndProject
Global
	GlobalSection(SolutionConfigurationPlatforms) = preSolution
		Debug|Any CPU = Debug|Any CPU
		Release|Any CPU = Release|Any CPU
	EndGlobalSection
	GlobalSection(ProjectConfigurationPlatforms) = postSolution
		{32687C02-64D7-409E-844E-66450DC94D87}.Debug|Any CPU.ActiveCfg = Debug|Any CPU
		{32687C02-64D7-409E-844E-66450DC94D87}.Debug|Any CPU.Build.0 = Debug|Any CPU
		{32687C02-64D7-409E-844E-66450DC94D87}.Release|Any CPU.ActiveCfg = Release|Any CPU
		{32687C02-64D7-409E-844E-66450DC94D87}.Release|Any CPU.Build.0 = Release|Any CPU
	EndGlobalSection
	GlobalSection(SolutionProperties) = preSolution
		HideSolutionNode = FALSE
	EndGlobalSection
	GlobalSection(ExtensibilityGlobals) = postSolution
		SolutionGuid = {18124190-10B5-4B8D-8394-7DEB8805CE7F}
	EndGlobalSection
EndGlobal
